
Microsoft Visual Studio Solution File, Format Version 12.00
# Visual Studio Version 17
VisualStudioVersion = 17.9.34607.119
MinimumVisualStudioVersion = 10.0.40219.1
Project("{9A19103F-16F7-4668-BE54-9A1E7A4F7556}") = "TFG_UOC_2024.API", "TFG_UOC_2024.API\TFG_UOC_2024.API.csproj", "{6B72EF9F-C802-4CEC-8C1F-211FDB872BFF}"
EndProject
Project("{9A19103F-16F7-4668-BE54-9A1E7A4F7556}") = "TFG_UOC_2024.CORE", "TFG_UOC_2024.CORE\TFG_UOC_2024.CORE.csproj", "{7BBC80B8-8AA5-4362-9CD4-A5E8E2229137}"
EndProject
Project("{9A19103F-16F7-4668-BE54-9A1E7A4F7556}") = "TFG_UOC_2024.DB", "TFG_UOC_2024.DB\TFG_UOC_2024.DB.csproj", "{C80B56F4-9222-4BA5-90BF-14F3E1DFCBBC}"
EndProject
Project("{2150E333-8FDC-42A3-9474-1A3956D46DE8}") = "API", "API", "{EF88AC10-1932-4A5E-A046-D090DAD18485}"
EndProject
Project("{2150E333-8FDC-42A3-9474-1A3956D46DE8}") = "APP", "APP", "{C723E8B8-5279-44E3-AEBE-D0141487D485}"
EndProject
Project("{9A19103F-16F7-4668-BE54-9A1E7A4F7556}") = "TFG_UOC_2024.APP", "TFG_UOC_2024.APP\TFG_UOC_2024.APP.csproj", "{4857107C-CBEA-4DFB-B9D1-BC1C57312B9C}"
EndProject
Project("{2150E333-8FDC-42A3-9474-1A3956D46DE8}") = "API.TEST", "API.TEST", "{44DB681F-E3C8-4A3B-820F-A1F053B2E74D}"
EndProject
Project("{9A19103F-16F7-4668-BE54-9A1E7A4F7556}") = "TFG_UOC_2024.TEST", "TFG_UOC_2024.TEST\TFG_UOC_2024.TEST.csproj", "{B282D045-EFF3-45F1-BAC6-4A9EBFDC9A2F}"
EndProject
Project("{FAE04EC0-301F-11D3-BF4B-00C04F79EFBC}") = "TFG_UOC_2024.INTEGRATION.TEST", "TFG_UOC_2024.INTEGRATION.TEST\TFG_UOC_2024.INTEGRATION.TEST.csproj", "{BE780820-38A4-4150-95DB-31F5D9A9BD97}"
EndProject
Global
	GlobalSection(SolutionConfigurationPlatforms) = preSolution
		Debug|Any CPU = Debug|Any CPU
		Release|Any CPU = Release|Any CPU
	EndGlobalSection
	GlobalSection(ProjectConfigurationPlatforms) = postSolution
		{6B72EF9F-C802-4CEC-8C1F-211FDB872BFF}.Debug|Any CPU.ActiveCfg = Debug|Any CPU
		{6B72EF9F-C802-4CEC-8C1F-211FDB872BFF}.Debug|Any CPU.Build.0 = Debug|Any CPU
		{6B72EF9F-C802-4CEC-8C1F-211FDB872BFF}.Release|Any CPU.ActiveCfg = Release|Any CPU
		{6B72EF9F-C802-4CEC-8C1F-211FDB872BFF}.Release|Any CPU.Build.0 = Release|Any CPU
		{7BBC80B8-8AA5-4362-9CD4-A5E8E2229137}.Debug|Any CPU.ActiveCfg = Debug|Any CPU
		{7BBC80B8-8AA5-4362-9CD4-A5E8E2229137}.Debug|Any CPU.Build.0 = Debug|Any CPU
		{7BBC80B8-8AA5-4362-9CD4-A5E8E2229137}.Release|Any CPU.ActiveCfg = Release|Any CPU
		{7BBC80B8-8AA5-4362-9CD4-A5E8E2229137}.Release|Any CPU.Build.0 = Release|Any CPU
		{C80B56F4-9222-4BA5-90BF-14F3E1DFCBBC}.Debug|Any CPU.ActiveCfg = Debug|Any CPU
		{C80B56F4-9222-4BA5-90BF-14F3E1DFCBBC}.Debug|Any CPU.Build.0 = Debug|Any CPU
		{C80B56F4-9222-4BA5-90BF-14F3E1DFCBBC}.Release|Any CPU.ActiveCfg = Release|Any CPU
		{C80B56F4-9222-4BA5-90BF-14F3E1DFCBBC}.Release|Any CPU.Build.0 = Release|Any CPU
		{4857107C-CBEA-4DFB-B9D1-BC1C57312B9C}.Debug|Any CPU.ActiveCfg = Debug|Any CPU
		{4857107C-CBEA-4DFB-B9D1-BC1C57312B9C}.Debug|Any CPU.Build.0 = Debug|Any CPU
		{4857107C-CBEA-4DFB-B9D1-BC1C57312B9C}.Debug|Any CPU.Deploy.0 = Debug|Any CPU
		{4857107C-CBEA-4DFB-B9D1-BC1C57312B9C}.Release|Any CPU.ActiveCfg = Release|Any CPU
		{4857107C-CBEA-4DFB-B9D1-BC1C57312B9C}.Release|Any CPU.Build.0 = Release|Any CPU
		{4857107C-CBEA-4DFB-B9D1-BC1C57312B9C}.Release|Any CPU.Deploy.0 = Release|Any CPU
		{B282D045-EFF3-45F1-BAC6-4A9EBFDC9A2F}.Debug|Any CPU.ActiveCfg = Debug|Any CPU
		{B282D045-EFF3-45F1-BAC6-4A9EBFDC9A2F}.Debug|Any CPU.Build.0 = Debug|Any CPU
		{B282D045-EFF3-45F1-BAC6-4A9EBFDC9A2F}.Release|Any CPU.ActiveCfg = Release|Any CPU
		{B282D045-EFF3-45F1-BAC6-4A9EBFDC9A2F}.Release|Any CPU.Build.0 = Release|Any CPU
		{BE780820-38A4-4150-95DB-31F5D9A9BD97}.Debug|Any CPU.ActiveCfg = Debug|Any CPU
		{BE780820-38A4-4150-95DB-31F5D9A9BD97}.Debug|Any CPU.Build.0 = Debug|Any CPU
		{BE780820-38A4-4150-95DB-31F5D9A9BD97}.Release|Any CPU.ActiveCfg = Release|Any CPU
		{BE780820-38A4-4150-95DB-31F5D9A9BD97}.Release|Any CPU.Build.0 = Release|Any CPU
	EndGlobalSection
	GlobalSection(SolutionProperties) = preSolution
		HideSolutionNode = FALSE
	EndGlobalSection
	GlobalSection(NestedProjects) = preSolution
		{6B72EF9F-C802-4CEC-8C1F-211FDB872BFF} = {EF88AC10-1932-4A5E-A046-D090DAD18485}
		{7BBC80B8-8AA5-4362-9CD4-A5E8E2229137} = {EF88AC10-1932-4A5E-A046-D090DAD18485}
		{C80B56F4-9222-4BA5-90BF-14F3E1DFCBBC} = {EF88AC10-1932-4A5E-A046-D090DAD18485}
		{4857107C-CBEA-4DFB-B9D1-BC1C57312B9C} = {C723E8B8-5279-44E3-AEBE-D0141487D485}
		{B282D045-EFF3-45F1-BAC6-4A9EBFDC9A2F} = {44DB681F-E3C8-4A3B-820F-A1F053B2E74D}
		{BE780820-38A4-4150-95DB-31F5D9A9BD97} = {44DB681F-E3C8-4A3B-820F-A1F053B2E74D}
	EndGlobalSection
	GlobalSection(ExtensibilityGlobals) = postSolution
		SolutionGuid = {4FBBE2EB-FD79-40EC-B5CB-86A55D402833}
	EndGlobalSection
EndGlobal
